
Microsoft Visual Studio Solution File, Format Version 12.00
Project("{FAE04EC0-301F-11D3-BF4B-00C04F79EFBC}") = "FiguresLibrary", "FiguresLibrary\FiguresLibrary.csproj", "{AB1656D3-F525-4B0D-851F-4EA942E72403}"
EndProject
Project("{FAE04EC0-301F-11D3-BF4B-00C04F79EFBC}") = "FiguresTests", "FiguresTests\FiguresTests.csproj", "{56DE3FDD-94C9-4B91-96A0-1520FFFA28D8}"
EndProject
Global
	GlobalSection(SolutionConfigurationPlatforms) = preSolution
		Debug|Any CPU = Debug|Any CPU
		Release|Any CPU = Release|Any CPU
	EndGlobalSection
	GlobalSection(ProjectConfigurationPlatforms) = postSolution
		{AB1656D3-F525-4B0D-851F-4EA942E72403}.Debug|Any CPU.ActiveCfg = Debug|Any CPU
		{AB1656D3-F525-4B0D-851F-4EA942E72403}.Debug|Any CPU.Build.0 = Debug|Any CPU
		{AB1656D3-F525-4B0D-851F-4EA942E72403}.Release|Any CPU.ActiveCfg = Release|Any CPU
		{AB1656D3-F525-4B0D-851F-4EA942E72403}.Release|Any CPU.Build.0 = Release|Any CPU
		{56DE3FDD-94C9-4B91-96A0-1520FFFA28D8}.Debug|Any CPU.ActiveCfg = Debug|Any CPU
		{56DE3FDD-94C9-4B91-96A0-1520FFFA28D8}.Debug|Any CPU.Build.0 = Debug|Any CPU
		{56DE3FDD-94C9-4B91-96A0-1520FFFA28D8}.Release|Any CPU.ActiveCfg = Release|Any CPU
		{56DE3FDD-94C9-4B91-96A0-1520FFFA28D8}.Release|Any CPU.Build.0 = Release|Any CPU
	EndGlobalSection
EndGlobal
